
Microsoft Visual Studio Solution File, Format Version 12.00
# Visual Studio 14
VisualStudioVersion = 14.0.23107.0
MinimumVisualStudioVersion = 10.0.40219.1
Project("{F2A71F9B-5D33-465A-A702-920D77279786}") = "GatewayTestomatic", "GatewayTestomatic\GatewayTestomatic.fsproj", "{62A32EC2-AEC7-45F2-9490-51DC8E3A28FE}"
EndProject
Project("{FAE04EC0-301F-11D3-BF4B-00C04F79EFBC}") = "TestomaticSupport", "TestomaticSupport\TestomaticSupport.csproj", "{ABBE1637-B546-4FF3-A50D-172C0DD352C2}"
EndProject
Global
	GlobalSection(SolutionConfigurationPlatforms) = preSolution
		Debug|Any CPU = Debug|Any CPU
		Release|Any CPU = Release|Any CPU
	EndGlobalSection
	GlobalSection(ProjectConfigurationPlatforms) = postSolution
		{62A32EC2-AEC7-45F2-9490-51DC8E3A28FE}.Debug|Any CPU.ActiveCfg = Debug|Any CPU
		{62A32EC2-AEC7-45F2-9490-51DC8E3A28FE}.Debug|Any CPU.Build.0 = Debug|Any CPU
		{62A32EC2-AEC7-45F2-9490-51DC8E3A28FE}.Release|Any CPU.ActiveCfg = Release|Any CPU
		{62A32EC2-AEC7-45F2-9490-51DC8E3A28FE}.Release|Any CPU.Build.0 = Release|Any CPU
		{ABBE1637-B546-4FF3-A50D-172C0DD352C2}.Debug|Any CPU.ActiveCfg = Debug|Any CPU
		{ABBE1637-B546-4FF3-A50D-172C0DD352C2}.Debug|Any CPU.Build.0 = Debug|Any CPU
		{ABBE1637-B546-4FF3-A50D-172C0DD352C2}.Release|Any CPU.ActiveCfg = Release|Any CPU
		{ABBE1637-B546-4FF3-A50D-172C0DD352C2}.Release|Any CPU.Build.0 = Release|Any CPU
	EndGlobalSection
	GlobalSection(SolutionProperties) = preSolution
		HideSolutionNode = FALSE
	EndGlobalSection
EndGlobal
